
Microsoft Visual Studio Solution File, Format Version 12.00
# Visual Studio Version 17
VisualStudioVersion = 17.8.34330.188
MinimumVisualStudioVersion = 10.0.40219.1
Project("{9A19103F-16F7-4668-BE54-9A1E7A4F7556}") = "ToDoApp", "ToDoApp\ToDoApp.csproj", "{A89AD99B-96CD-4896-838C-EB4CC25CC496}"
EndProject
Project("{9A19103F-16F7-4668-BE54-9A1E7A4F7556}") = "ToDoApp.Repository", "ToDoApp.Repository\ToDoApp.Repository.csproj", "{C3311C04-85C6-4D0A-BD67-1A43E604C5FB}"
EndProject
Project("{9A19103F-16F7-4668-BE54-9A1E7A4F7556}") = "ToDoApp.Services", "ToDoApp.Services\ToDoApp.Services.csproj", "{F6052A9E-2C7F-40A9-8DA5-786052B5F46C}"
EndProject
Project("{9A19103F-16F7-4668-BE54-9A1E7A4F7556}") = "ToDoApp.Models", "ToDoApp.Models\ToDoApp.Models.csproj", "{B09B886C-3087-4ECA-9580-226550AB04C9}"
EndProject
Project("{9A19103F-16F7-4668-BE54-9A1E7A4F7556}") = "ToDoApp.RepositoryTests1", "ToDoApp.RepositoryTests1\ToDoApp.RepositoryTests1.csproj", "{B6237BB2-02C9-461A-BF64-A389A0A3C3E1}"
EndProject
Global
	GlobalSection(SolutionConfigurationPlatforms) = preSolution
		Debug|Any CPU = Debug|Any CPU
		Release|Any CPU = Release|Any CPU
	EndGlobalSection
	GlobalSection(ProjectConfigurationPlatforms) = postSolution
		{A89AD99B-96CD-4896-838C-EB4CC25CC496}.Debug|Any CPU.ActiveCfg = Debug|Any CPU
		{A89AD99B-96CD-4896-838C-EB4CC25CC496}.Debug|Any CPU.Build.0 = Debug|Any CPU
		{A89AD99B-96CD-4896-838C-EB4CC25CC496}.Release|Any CPU.ActiveCfg = Release|Any CPU
		{A89AD99B-96CD-4896-838C-EB4CC25CC496}.Release|Any CPU.Build.0 = Release|Any CPU
		{C3311C04-85C6-4D0A-BD67-1A43E604C5FB}.Debug|Any CPU.ActiveCfg = Debug|Any CPU
		{C3311C04-85C6-4D0A-BD67-1A43E604C5FB}.Debug|Any CPU.Build.0 = Debug|Any CPU
		{C3311C04-85C6-4D0A-BD67-1A43E604C5FB}.Release|Any CPU.ActiveCfg = Release|Any CPU
		{C3311C04-85C6-4D0A-BD67-1A43E604C5FB}.Release|Any CPU.Build.0 = Release|Any CPU
		{F6052A9E-2C7F-40A9-8DA5-786052B5F46C}.Debug|Any CPU.ActiveCfg = Debug|Any CPU
		{F6052A9E-2C7F-40A9-8DA5-786052B5F46C}.Debug|Any CPU.Build.0 = Debug|Any CPU
		{F6052A9E-2C7F-40A9-8DA5-786052B5F46C}.Release|Any CPU.ActiveCfg = Release|Any CPU
		{F6052A9E-2C7F-40A9-8DA5-786052B5F46C}.Release|Any CPU.Build.0 = Release|Any CPU
		{B09B886C-3087-4ECA-9580-226550AB04C9}.Debug|Any CPU.ActiveCfg = Debug|Any CPU
		{B09B886C-3087-4ECA-9580-226550AB04C9}.Debug|Any CPU.Build.0 = Debug|Any CPU
		{B09B886C-3087-4ECA-9580-226550AB04C9}.Release|Any CPU.ActiveCfg = Release|Any CPU
		{B09B886C-3087-4ECA-9580-226550AB04C9}.Release|Any CPU.Build.0 = Release|Any CPU
		{B6237BB2-02C9-461A-BF64-A389A0A3C3E1}.Debug|Any CPU.ActiveCfg = Debug|Any CPU
		{B6237BB2-02C9-461A-BF64-A389A0A3C3E1}.Debug|Any CPU.Build.0 = Debug|Any CPU
		{B6237BB2-02C9-461A-BF64-A389A0A3C3E1}.Release|Any CPU.ActiveCfg = Release|Any CPU
		{B6237BB2-02C9-461A-BF64-A389A0A3C3E1}.Release|Any CPU.Build.0 = Release|Any CPU
	EndGlobalSection
	GlobalSection(SolutionProperties) = preSolution
		HideSolutionNode = FALSE
	EndGlobalSection
	GlobalSection(ExtensibilityGlobals) = postSolution
		SolutionGuid = {8D7E3C88-A232-4A3A-A315-C59EA15D5955}
	EndGlobalSection
EndGlobal
